
Microsoft Visual Studio Solution File, Format Version 12.00
# Visual Studio 15
VisualStudioVersion = 15.0.28010.2036
MinimumVisualStudioVersion = 10.0.40219.1
Project("{FAE04EC0-301F-11D3-BF4B-00C04F79EFBC}") = "AppVectore", "AppVectore\AppVectore.csproj", "{61D31F10-20E8-4B8F-827A-C00F3C35BDF6}"
EndProject
Global
	GlobalSection(SolutionConfigurationPlatforms) = preSolution
		Debug|Any CPU = Debug|Any CPU
		Release|Any CPU = Release|Any CPU
	EndGlobalSection
	GlobalSection(ProjectConfigurationPlatforms) = postSolution
		{61D31F10-20E8-4B8F-827A-C00F3C35BDF6}.Debug|Any CPU.ActiveCfg = Debug|Any CPU
		{61D31F10-20E8-4B8F-827A-C00F3C35BDF6}.Debug|Any CPU.Build.0 = Debug|Any CPU
		{61D31F10-20E8-4B8F-827A-C00F3C35BDF6}.Release|Any CPU.ActiveCfg = Release|Any CPU
		{61D31F10-20E8-4B8F-827A-C00F3C35BDF6}.Release|Any CPU.Build.0 = Release|Any CPU
	EndGlobalSection
	GlobalSection(SolutionProperties) = preSolution
		HideSolutionNode = FALSE
	EndGlobalSection
	GlobalSection(ExtensibilityGlobals) = postSolution
		SolutionGuid = {D0BF6942-5F9B-485B-B89B-FEC1FE0F35B9}
	EndGlobalSection
EndGlobal
